
Microsoft Visual Studio Solution File, Format Version 12.00
# Visual Studio Version 16
VisualStudioVersion = 16.0.31515.178
MinimumVisualStudioVersion = 10.0.40219.1
Project("{9A19103F-16F7-4668-BE54-9A1E7A4F7556}") = "WEBOLO_DISCOSSION", "OLO_DISCOSSION\WEBOLO_DISCOSSION.csproj", "{11DB0261-1BFC-40DE-A88E-571CD737E88E}"
EndProject
Project("{9A19103F-16F7-4668-BE54-9A1E7A4F7556}") = "DataAcessLayer", "Entities\DataAcessLayer.csproj", "{A8C8186C-CAD7-4E76-AFBD-CA7259F613B5}"
EndProject
Project("{9A19103F-16F7-4668-BE54-9A1E7A4F7556}") = "Repository", "Repository\Repository.csproj", "{DE992F6F-6C1E-41F5-952C-497EDBBCDE4A}"
EndProject
Project("{FAE04EC0-301F-11D3-BF4B-00C04F79EFBC}") = "OLO.Comman", "OLO.Comman\OLO.Comman.csproj", "{446ED3BC-92FA-4518-9A22-E15EC531CFB5}"
EndProject
Project("{FAE04EC0-301F-11D3-BF4B-00C04F79EFBC}") = "OLO.ViewModels", "OLO.ViewModels\OLO.ViewModels.csproj", "{4A247499-C2DC-4254-87E9-76A1080CDDF6}"
EndProject
Global
	GlobalSection(SolutionConfigurationPlatforms) = preSolution
		Debug|Any CPU = Debug|Any CPU
		Release|Any CPU = Release|Any CPU
	EndGlobalSection
	GlobalSection(ProjectConfigurationPlatforms) = postSolution
		{11DB0261-1BFC-40DE-A88E-571CD737E88E}.Debug|Any CPU.ActiveCfg = Debug|Any CPU
		{11DB0261-1BFC-40DE-A88E-571CD737E88E}.Debug|Any CPU.Build.0 = Debug|Any CPU
		{11DB0261-1BFC-40DE-A88E-571CD737E88E}.Release|Any CPU.ActiveCfg = Release|Any CPU
		{11DB0261-1BFC-40DE-A88E-571CD737E88E}.Release|Any CPU.Build.0 = Release|Any CPU
		{A8C8186C-CAD7-4E76-AFBD-CA7259F613B5}.Debug|Any CPU.ActiveCfg = Debug|Any CPU
		{A8C8186C-CAD7-4E76-AFBD-CA7259F613B5}.Debug|Any CPU.Build.0 = Debug|Any CPU
		{A8C8186C-CAD7-4E76-AFBD-CA7259F613B5}.Release|Any CPU.ActiveCfg = Release|Any CPU
		{A8C8186C-CAD7-4E76-AFBD-CA7259F613B5}.Release|Any CPU.Build.0 = Release|Any CPU
		{DE992F6F-6C1E-41F5-952C-497EDBBCDE4A}.Debug|Any CPU.ActiveCfg = Debug|Any CPU
		{DE992F6F-6C1E-41F5-952C-497EDBBCDE4A}.Debug|Any CPU.Build.0 = Debug|Any CPU
		{DE992F6F-6C1E-41F5-952C-497EDBBCDE4A}.Release|Any CPU.ActiveCfg = Release|Any CPU
		{DE992F6F-6C1E-41F5-952C-497EDBBCDE4A}.Release|Any CPU.Build.0 = Release|Any CPU
		{446ED3BC-92FA-4518-9A22-E15EC531CFB5}.Debug|Any CPU.ActiveCfg = Debug|Any CPU
		{446ED3BC-92FA-4518-9A22-E15EC531CFB5}.Debug|Any CPU.Build.0 = Debug|Any CPU
		{446ED3BC-92FA-4518-9A22-E15EC531CFB5}.Release|Any CPU.ActiveCfg = Release|Any CPU
		{446ED3BC-92FA-4518-9A22-E15EC531CFB5}.Release|Any CPU.Build.0 = Release|Any CPU
		{4A247499-C2DC-4254-87E9-76A1080CDDF6}.Debug|Any CPU.ActiveCfg = Debug|Any CPU
		{4A247499-C2DC-4254-87E9-76A1080CDDF6}.Debug|Any CPU.Build.0 = Debug|Any CPU
		{4A247499-C2DC-4254-87E9-76A1080CDDF6}.Release|Any CPU.ActiveCfg = Release|Any CPU
		{4A247499-C2DC-4254-87E9-76A1080CDDF6}.Release|Any CPU.Build.0 = Release|Any CPU
	EndGlobalSection
	GlobalSection(SolutionProperties) = preSolution
		HideSolutionNode = FALSE
	EndGlobalSection
	GlobalSection(ExtensibilityGlobals) = postSolution
		SolutionGuid = {B400E16B-5AF1-467A-AB0E-46567B74979D}
	EndGlobalSection
EndGlobal
